// !$*UTF8*$!
{
	archiveVersion = 1;
	classes = {
	};
	objectVersion = 48;
	objects = {

/* Begin PBXBuildFile section */
		838D034C1FD66C4A00FE3152 /* AppDelegate.swift in Sources */ = {isa = PBXBuildFile; fileRef = 838D034B1FD66C4A00FE3152 /* AppDelegate.swift */; };
		838D034E1FD66C4A00FE3152 /* ViewController.swift in Sources */ = {isa = PBXBuildFile; fileRef = 838D034D1FD66C4A00FE3152 /* ViewController.swift */; };
		838D03511FD66C4A00FE3152 /* Main.storyboard in Resources */ = {isa = PBXBuildFile; fileRef = 838D034F1FD66C4A00FE3152 /* Main.storyboard */; };
		838D03531FD66C4A00FE3152 /* Assets.xcassets in Resources */ = {isa = PBXBuildFile; fileRef = 838D03521FD66C4A00FE3152 /* Assets.xcassets */; };
		838D03561FD66C4A00FE3152 /* LaunchScreen.storyboard in Resources */ = {isa = PBXBuildFile; fileRef = 838D03541FD66C4A00FE3152 /* LaunchScreen.storyboard */; };
		838D038D1FD7209400FE3152 /* Model.scnassets in Resources */ = {isa = PBXBuildFile; fileRef = 838D038C1FD7209300FE3152 /* Model.scnassets */; };
/* End PBXBuildFile section */

/* Begin PBXFileReference section */
		838D03481FD66C4A00FE3152 /* NutcrackAR.app */ = {isa = PBXFileReference; explicitFileType = wrapper.application; includeInIndex = 0; path = NutcrackAR.app; sourceTree = BUILT_PRODUCTS_DIR; };
		838D034B1FD66C4A00FE3152 /* AppDelegate.swift */ = {isa = PBXFileReference; lastKnownFileType = sourcecode.swift; path = AppDelegate.swift; sourceTree = "<group>"; };
		838D034D1FD66C4A00FE3152 /* ViewController.swift */ = {isa = PBXFileReference; lastKnownFileType = sourcecode.swift; path = ViewController.swift; sourceTree = "<group>"; };
		838D03501FD66C4A00FE3152 /* Base */ = {isa = PBXFileReference; lastKnownFileType = file.storyboard; name = Base; path = Base.lproj/Main.storyboard; sourceTree = "<group>"; };
		838D03521FD66C4A00FE3152 /* Assets.xcassets */ = {isa = PBXFileReference; lastKnownFileType = folder.assetcatalog; path = Assets.xcassets; sourceTree = "<group>"; };
		838D03551FD66C4A00FE3152 /* Base */ = {isa = PBXFileReference; lastKnownFileType = file.storyboard; name = Base; path = Base.lproj/LaunchScreen.storyboard; sourceTree = "<group>"; };
		838D03571FD66C4A00FE3152 /* Info.plist */ = {isa = PBXFileReference; lastKnownFileType = text.plist.xml; path = Info.plist; sourceTree = "<group>"; };
		838D038C1FD7209300FE3152 /* Model.scnassets */ = {isa = PBXFileReference; lastKnownFileType = wrapper.scnassets; path = Model.scnassets; sourceTree = "<group>"; };
/* End PBXFileReference section */

/* Begin PBXFrameworksBuildPhase section */
		838D03451FD66C4A00FE3152 /* Frameworks */ = {
			isa = PBXFrameworksBuildPhase;
			buildActionMask = 2147483647;
			files = (
			);
			runOnlyForDeploymentPostprocessing = 0;
		};
/* End PBXFrameworksBuildPhase section */

/* Begin PBXGroup section */
		838D033F1FD66C4A00FE3152 = {
			isa = PBXGroup;
			children = (
				838D034A1FD66C4A00FE3152 /* NutcrackAR */,
				838D03491FD66C4A00FE3152 /* Products */,
			);
			sourceTree = "<group>";
		};
		838D03491FD66C4A00FE3152 /* Products */ = {
			isa = PBXGroup;
			children = (
				838D03481FD66C4A00FE3152 /* NutcrackAR.app */,
			);
			name = Products;
			sourceTree = "<group>";
		};
		838D034A1FD66C4A00FE3152 /* NutcrackAR */ = {
			isa = PBXGroup;
			children = (
				838D034B1FD66C4A00FE3152 /* AppDelegate.swift */,
				838D034D1FD66C4A00FE3152 /* ViewController.swift */,
				838D03521FD66C4A00FE3152 /* Assets.xcassets */,
				838D038C1FD7209300FE3152 /* Model.scnassets */,
				838D034F1FD66C4A00FE3152 /* Main.storyboard */,
				838D03541FD66C4A00FE3152 /* LaunchScreen.storyboard */,
				838D03571FD66C4A00FE3152 /* Info.plist */,
			);
			path = NutcrackAR;
			sourceTree = "<group>";
		};
/* End PBXGroup section */

/* Begin PBXNativeTarget section */
		838D03471FD66C4A00FE3152 /* NutcrackAR */ = {
			isa = PBXNativeTarget;
			buildConfigurationList = 838D035A1FD66C4A00FE3152 /* Build configuration list for PBXNativeTarget "NutcrackAR" */;
			buildPhases = (
				838D03441FD66C4A00FE3152 /* Sources */,
				838D03451FD66C4A00FE3152 /* Frameworks */,
				838D03461FD66C4A00FE3152 /* Resources */,
			);
			buildRules = (
			);
			dependencies = (
			);
			name = NutcrackAR;
			productName = NutcrackAR;
			productReference = 838D03481FD66C4A00FE3152 /* NutcrackAR.app */;
			productType = "com.apple.product-type.application";
		};
/* End PBXNativeTarget section */

/* Begin PBXProject section */
		838D03401FD66C4A00FE3152 /* Project object */ = {
			isa = PBXProject;
			attributes = {
				LastSwiftUpdateCheck = 0920;
				LastUpgradeCheck = 0920;
				ORGANIZATIONNAME = "Warren Moore";
				TargetAttributes = {
					838D03471FD66C4A00FE3152 = {
						CreatedOnToolsVersion = 9.2;
						ProvisioningStyle = Automatic;
					};
				};
			};
			buildConfigurationList = 838D03431FD66C4A00FE3152 /* Build configuration list for PBXProject "NutcrackAR" */;
			compatibilityVersion = "Xcode 8.0";
			developmentRegion = en;
			hasScannedForEncodings = 0;
			knownRegions = (
				en,
				Base,
			);
			mainGroup = 838D033F1FD66C4A00FE3152;
			productRefGroup = 838D03491FD66C4A00FE3152 /* Products */;
			projectDirPath = "";
			projectRoot = "";
			targets = (
				838D03471FD66C4A00FE3152 /* NutcrackAR */,
			);
		};
/* End PBXProject section */

/* Begin PBXResourcesBuildPhase section */
		838D03461FD66C4A00FE3152 /* Resources */ = {
			isa = PBXResourcesBuildPhase;
			buildActionMask = 2147483647;
			files = (
				838D03561FD66C4A00FE3152 /* LaunchScreen.storyboard in Resources */,
				838D038D1FD7209400FE3152 /* Model.scnassets in Resources */,
				838D03531FD66C4A00FE3152 /* Assets.xcassets in Resources */,
				838D03511FD66C4A00FE3152 /* Main.storyboard in Resources */,
			);
			runOnlyForDeploymentPostprocessing = 0;
		};
/* End PBXResourcesBuildPhase section */

/* Begin PBXSourcesBuildPhase section */
		838D03441FD66C4A00FE3152 /* Sources */ = {
			isa = PBXSourcesBuildPhase;
			buildActionMask = 2147483647;
			files = (
				838D034E1FD66C4A00FE3152 /* ViewController.swift in Sources */,
				838D034C1FD66C4A00FE3152 /* AppDelegate.swift in Sources */,
			);
			runOnlyForDeploymentPostprocessing = 0;
		};
/* End PBXSourcesBuildPhase section */

/* Begin PBXVariantGroup section */
		838D034F1FD66C4A00FE3152 /* Main.storyboard */ = {
			isa = PBXVariantGroup;
			children = (
				838D03501FD66C4A00FE3152 /* Base */,
			);
			name = Main.storyboard;
			sourceTree = "<group>";
		};
		838D03541FD66C4A00FE3152 /* LaunchScreen.storyboard */ = {
			isa = PBXVariantGroup;
			children = (
				838D03551FD66C4A00FE3152 /* Base */,
			);
			name = LaunchScreen.storyboard;
			sourceTree = "<group>";
		};
/* End PBXVariantGroup section */

/* Begin XCBuildConfiguration section */
		838D03581FD66C4A00FE3152 /* Debug */ = {
			isa = XCBuildConfiguration;
			buildSettings = {
				ALWAYS_SEARCH_USER_PATHS = NO;
				CLANG_ANALYZER_NONNULL = YES;
				CLANG_ANALYZER_NUMBER_OBJECT_CONVERSION = YES_AGGRESSIVE;
				CLANG_CXX_LANGUAGE_STANDARD = "gnu++14";
				CLANG_CXX_LIBRARY = "libc++";
				CLANG_ENABLE_MODULES = YES;
				CLANG_ENABLE_OBJC_ARC = YES;
				CLANG_WARN_BLOCK_CAPTURE_AUTORELEASING = YES;
				CLANG_WARN_BOOL_CONVERSION = YES;
				CLANG_WARN_COMMA = YES;
				CLANG_WARN_CONSTANT_CONVERSION = YES;
				CLANG_WARN_DIRECT_OBJC_ISA_USAGE = YES_ERROR;
				CLANG_WARN_DOCUMENTATION_COMMENTS = YES;
				CLANG_WARN_EMPTY_BODY = YES;
				CLANG_WARN_ENUM_CONVERSION = YES;
				CLANG_WARN_INFINITE_RECURSION = YES;
				CLANG_WARN_INT_CONVERSION = YES;
				CLANG_WARN_NON_LITERAL_NULL_CONVERSION = YES;
				CLANG_WARN_OBJC_LITERAL_CONVERSION = YES;
				CLANG_WARN_OBJC_ROOT_CLASS = YES_ERROR;
				CLANG_WARN_RANGE_LOOP_ANALYSIS = YES;
				CLANG_WARN_STRICT_PROTOTYPES = YES;
				CLANG_WARN_SUSPICIOUS_MOVE = YES;
				CLANG_WARN_UNGUARDED_AVAILABILITY = YES_AGGRESSIVE;
				CLANG_WARN_UNREACHABLE_CODE = YES;
				CLANG_WARN__DUPLICATE_METHOD_MATCH = YES;
				CODE_SIGN_IDENTITY = "iPhone Developer";
				COPY_PHASE_STRIP = NO;
				DEBUG_INFORMATION_FORMAT = dwarf;
				ENABLE_STRICT_OBJC_MSGSEND = YES;
				ENABLE_TESTABILITY = YES;
				GCC_C_LANGUAGE_STANDARD = gnu11;
				GCC_DYNAMIC_NO_PIC = NO;
				GCC_NO_COMMON_BLOCKS = YES;
				GCC_OPTIMIZATION_LEVEL = 0;
				GCC_PREPROCESSOR_DEFINITIONS = (
					"DEBUG=1",
					"$(inherited)",
				);
				GCC_WARN_64_TO_32_BIT_CONVERSION = YES;
				GCC_WARN_ABOUT_RETURN_TYPE = YES_ERROR;
				GCC_WARN_UNDECLARED_SELECTOR = YES;
				GCC_WARN_UNINITIALIZED_AUTOS = YES_AGGRESSIVE;
				GCC_WARN_UNUSED_FUNCTION = YES;
				GCC_WARN_UNUSED_VARIABLE = YES;
				IPHONEOS_DEPLOYMENT_TARGET = 11.2;
				MTL_ENABLE_DEBUG_INFO = YES;
				ONLY_ACTIVE_ARCH = YES;
				SDKROOT = iphoneos;
				SWIFT_ACTIVE_COMPILATION_CONDITIONS = DEBUG;
				SWIFT_OPTIMIZATION_LEVEL = "-Onone";
			};
			name = Debug;
		};
		838D03591FD66C4A00FE3152 /* Release */ = {
			isa = XCBuildConfiguration;
			buildSettings = {
				ALWAYS_SEARCH_USER_PATHS = NO;
				CLANG_ANALYZER_NONNULL = YES;
				CLANG_ANALYZER_NUMBER_OBJECT_CONVERSION = YES_AGGRESSIVE;
				CLANG_CXX_LANGUAGE_STANDARD = "gnu++14";
				CLANG_CXX_LIBRARY = "libc++";
				CLANG_ENABLE_MODULES = YES;
				CLANG_ENABLE_OBJC_ARC = YES;
				CLANG_WARN_BLOCK_CAPTURE_AUTORELEASING = YES;
				CLANG_WARN_BOOL_CONVERSION = YES;
				CLANG_WARN_COMMA = YES;
				CLANG_WARN_CONSTANT_CONVERSION = YES;
				CLANG_WARN_DIRECT_OBJC_ISA_USAGE = YES_ERROR;
				CLANG_WARN_DOCUMENTATION_COMMENTS = YES;
				CLANG_WARN_EMPTY_BODY = YES;
				CLANG_WARN_ENUM_CONVERSION = YES;
				CLANG_WARN_INFINITE_RECURSION = YES;
				CLANG_WARN_INT_CONVERSION = YES;
				CLANG_WARN_NON_LITERAL_NULL_CONVERSION = YES;
				CLANG_WARN_OBJC_LITERAL_CONVERSION = YES;
				CLANG_WARN_OBJC_ROOT_CLASS = YES_ERROR;
				CLANG_WARN_RANGE_LOOP_ANALYSIS = YES;
				CLANG_WARN_STRICT_PROTOTYPES = YES;
				CLANG_WARN_SUSPICIOUS_MOVE = YES;
				CLANG_WARN_UNGUARDED_AVAILABILITY = YES_AGGRESSIVE;
				CLANG_WARN_UNREACHABLE_CODE = YES;
				CLANG_WARN__DUPLICATE_METHOD_MATCH = YES;
				CODE_SIGN_IDENTITY = "iPhone Developer";
				COPY_PHASE_STRIP = NO;
				DEBUG_INFORMATION_FORMAT = "dwarf-with-dsym";
				ENABLE_NS_ASSERTIONS = NO;
				ENABLE_STRICT_OBJC_MSGSEND = YES;
				GCC_C_LANGUAGE_STANDARD = gnu11;
				GCC_NO_COMMON_BLOCKS = YES;
				GCC_WARN_64_TO_32_BIT_CONVERSION = YES;
				GCC_WARN_ABOUT_RETURN_TYPE = YES_ERROR;
				GCC_WARN_UNDECLARED_SELECTOR = YES;
				GCC_WARN_UNINITIALIZED_AUTOS = YES_AGGRESSIVE;
				GCC_WARN_UNUSED_FUNCTION = YES;
				GCC_WARN_UNUSED_VARIABLE = YES;
				IPHONEOS_DEPLOYMENT_TARGET = 11.2;
				MTL_ENABLE_DEBUG_INFO = NO;
				SDKROOT = iphoneos;
				SWIFT_OPTIMIZATION_LEVEL = "-Owholemodule";
				VALIDATE_PRODUCT = YES;
			};
			name = Release;
		};
		838D035B1FD66C4A00FE3152 /* Debug */ = {
			isa = XCBuildConfiguration;
			buildSettings = {
				ASSETCATALOG_COMPILER_APPICON_NAME = AppIcon;
				CODE_SIGN_STYLE = Automatic;
				DEVELOPMENT_TEAM = 5XU8G72NQS;
				INFOPLIST_FILE = NutcrackAR/Info.plist;
				IPHONEOS_DEPLOYMENT_TARGET = 11.0;
				LD_RUNPATH_SEARCH_PATHS = "$(inherited) @executable_path/Frameworks";
				PRODUCT_BUNDLE_IDENTIFIER = net.warrenmoore.NutcrackAR;
				PRODUCT_NAME = "$(TARGET_NAME)";
				SWIFT_VERSION = 4.0;
				TARGETED_DEVICE_FAMILY = "1,2";
			};
			name = Debug;
		};
		838D035C1FD66C4A00FE3152 /* Release */ = {
			isa = XCBuildConfiguration;
			buildSettings = {
				ASSETCATALOG_COMPILER_APPICON_NAME = AppIcon;
				CODE_SIGN_STYLE = Automatic;
				DEVELOPMENT_TEAM = 5XU8G72NQS;
				INFOPLIST_FILE = NutcrackAR/Info.plist;
				IPHONEOS_DEPLOYMENT_TARGET = 11.0;
				LD_RUNPATH_SEARCH_PATHS = "$(inherited) @executable_path/Frameworks";
				PRODUCT_BUNDLE_IDENTIFIER = net.warrenmoore.NutcrackAR;
				PRODUCT_NAME = "$(TARGET_NAME)";
				SWIFT_VERSION = 4.0;
				TARGETED_DEVICE_FAMILY = "1,2";
			};
			name = Release;
		};
/* End XCBuildConfiguration section */

/* Begin XCConfigurationList section */
		838D03431FD66C4A00FE3152 /* Build configuration list for PBXProject "NutcrackAR" */ = {
			isa = XCConfigurationList;
			buildConfigurations = (
				838D03581FD66C4A00FE3152 /* Debug */,
				838D03591FD66C4A00FE3152 /* Release */,
			);
			defaultConfigurationIsVisible = 0;
			defaultConfigurationName = Release;
		};
		838D035A1FD66C4A00FE3152 /* Build configuration list for PBXNativeTarget "NutcrackAR" */ = {
			isa = XCConfigurationList;
			buildConfigurations = (
				838D035B1FD66C4A00FE3152 /* Debug */,
				838D035C1FD66C4A00FE3152 /* Release */,
			);
			defaultConfigurationIsVisible = 0;
			defaultConfigurationName = Release;
		};
/* End XCConfigurationList section */
	};
	rootObject = 838D03401FD66C4A00FE3152 /* Project object */;
}
