// !$*UTF8*$!
{
	archiveVersion = 1;
	classes = {
	};
	objectVersion = 48;
	objects = {

/* Begin PBXBuildFile section */
		83AF30F61FCC921E00053BED /* AppDelegate.swift in Sources */ = {isa = PBXBuildFile; fileRef = 83AF30F51FCC921E00053BED /* AppDelegate.swift */; };
		83AF30F81FCC921E00053BED /* ViewController.swift in Sources */ = {isa = PBXBuildFile; fileRef = 83AF30F71FCC921E00053BED /* ViewController.swift */; };
		83AF30FB1FCC921E00053BED /* Main.storyboard in Resources */ = {isa = PBXBuildFile; fileRef = 83AF30F91FCC921E00053BED /* Main.storyboard */; };
		83AF30FD1FCC921E00053BED /* Assets.xcassets in Resources */ = {isa = PBXBuildFile; fileRef = 83AF30FC1FCC921E00053BED /* Assets.xcassets */; };
		83AF31081FCCCC0E00053BED /* grid.png in Resources */ = {isa = PBXBuildFile; fileRef = 83AF31071FCCCC0E00053BED /* grid.png */; };
		83AF310A1FCCD92100053BED /* LaunchScreen.storyboard in Resources */ = {isa = PBXBuildFile; fileRef = 83AF31091FCCD92100053BED /* LaunchScreen.storyboard */; };
		83AF31121FCCE90E00053BED /* splat-pink.png in Resources */ = {isa = PBXBuildFile; fileRef = 83AF31111FCCE90E00053BED /* splat-pink.png */; };
		83AF31161FCE49CB00053BED /* splat-green.png in Resources */ = {isa = PBXBuildFile; fileRef = 83AF31151FCE49CB00053BED /* splat-green.png */; };
/* End PBXBuildFile section */

/* Begin PBXFileReference section */
		83AF30F21FCC921E00053BED /* SplattAR.app */ = {isa = PBXFileReference; explicitFileType = wrapper.application; includeInIndex = 0; path = SplattAR.app; sourceTree = BUILT_PRODUCTS_DIR; };
		83AF30F51FCC921E00053BED /* AppDelegate.swift */ = {isa = PBXFileReference; lastKnownFileType = sourcecode.swift; path = AppDelegate.swift; sourceTree = "<group>"; };
		83AF30F71FCC921E00053BED /* ViewController.swift */ = {isa = PBXFileReference; lastKnownFileType = sourcecode.swift; path = ViewController.swift; sourceTree = "<group>"; };
		83AF30FA1FCC921E00053BED /* Base */ = {isa = PBXFileReference; lastKnownFileType = file.storyboard; name = Base; path = Base.lproj/Main.storyboard; sourceTree = "<group>"; };
		83AF30FC1FCC921E00053BED /* Assets.xcassets */ = {isa = PBXFileReference; lastKnownFileType = folder.assetcatalog; path = Assets.xcassets; sourceTree = "<group>"; };
		83AF31011FCC921E00053BED /* Info.plist */ = {isa = PBXFileReference; lastKnownFileType = text.plist.xml; path = Info.plist; sourceTree = "<group>"; };
		83AF31071FCCCC0E00053BED /* grid.png */ = {isa = PBXFileReference; lastKnownFileType = image.png; path = grid.png; sourceTree = "<group>"; };
		83AF31091FCCD92100053BED /* LaunchScreen.storyboard */ = {isa = PBXFileReference; lastKnownFileType = file.storyboard; path = LaunchScreen.storyboard; sourceTree = "<group>"; };
		83AF31111FCCE90E00053BED /* splat-pink.png */ = {isa = PBXFileReference; lastKnownFileType = image.png; path = "splat-pink.png"; sourceTree = "<group>"; };
		83AF31151FCE49CB00053BED /* splat-green.png */ = {isa = PBXFileReference; lastKnownFileType = image.png; path = "splat-green.png"; sourceTree = "<group>"; };
/* End PBXFileReference section */

/* Begin PBXFrameworksBuildPhase section */
		83AF30EF1FCC921E00053BED /* Frameworks */ = {
			isa = PBXFrameworksBuildPhase;
			buildActionMask = 2147483647;
			files = (
			);
			runOnlyForDeploymentPostprocessing = 0;
		};
/* End PBXFrameworksBuildPhase section */

/* Begin PBXGroup section */
		83AF30E91FCC921E00053BED = {
			isa = PBXGroup;
			children = (
				83AF30F41FCC921E00053BED /* SplattAR */,
				83AF30F31FCC921E00053BED /* Products */,
			);
			sourceTree = "<group>";
		};
		83AF30F31FCC921E00053BED /* Products */ = {
			isa = PBXGroup;
			children = (
				83AF30F21FCC921E00053BED /* SplattAR.app */,
			);
			name = Products;
			sourceTree = "<group>";
		};
		83AF30F41FCC921E00053BED /* SplattAR */ = {
			isa = PBXGroup;
			children = (
				83AF30F51FCC921E00053BED /* AppDelegate.swift */,
				83AF30F71FCC921E00053BED /* ViewController.swift */,
				83AF31111FCCE90E00053BED /* splat-pink.png */,
				83AF31151FCE49CB00053BED /* splat-green.png */,
				83AF31071FCCCC0E00053BED /* grid.png */,
				83AF30F91FCC921E00053BED /* Main.storyboard */,
				83AF31091FCCD92100053BED /* LaunchScreen.storyboard */,
				83AF30FC1FCC921E00053BED /* Assets.xcassets */,
				83AF31011FCC921E00053BED /* Info.plist */,
			);
			path = SplattAR;
			sourceTree = "<group>";
		};
/* End PBXGroup section */

/* Begin PBXNativeTarget section */
		83AF30F11FCC921E00053BED /* SplattAR */ = {
			isa = PBXNativeTarget;
			buildConfigurationList = 83AF31041FCC921E00053BED /* Build configuration list for PBXNativeTarget "SplattAR" */;
			buildPhases = (
				83AF30EE1FCC921E00053BED /* Sources */,
				83AF30EF1FCC921E00053BED /* Frameworks */,
				83AF30F01FCC921E00053BED /* Resources */,
			);
			buildRules = (
			);
			dependencies = (
			);
			name = SplattAR;
			productName = SplattAR;
			productReference = 83AF30F21FCC921E00053BED /* SplattAR.app */;
			productType = "com.apple.product-type.application";
		};
/* End PBXNativeTarget section */

/* Begin PBXProject section */
		83AF30EA1FCC921E00053BED /* Project object */ = {
			isa = PBXProject;
			attributes = {
				LastSwiftUpdateCheck = 0910;
				LastUpgradeCheck = 0910;
				ORGANIZATIONNAME = "Warren Moore";
				TargetAttributes = {
					83AF30F11FCC921E00053BED = {
						CreatedOnToolsVersion = 9.1;
						ProvisioningStyle = Automatic;
					};
				};
			};
			buildConfigurationList = 83AF30ED1FCC921E00053BED /* Build configuration list for PBXProject "SplattAR" */;
			compatibilityVersion = "Xcode 8.0";
			developmentRegion = en;
			hasScannedForEncodings = 0;
			knownRegions = (
				en,
				Base,
			);
			mainGroup = 83AF30E91FCC921E00053BED;
			productRefGroup = 83AF30F31FCC921E00053BED /* Products */;
			projectDirPath = "";
			projectRoot = "";
			targets = (
				83AF30F11FCC921E00053BED /* SplattAR */,
			);
		};
/* End PBXProject section */

/* Begin PBXResourcesBuildPhase section */
		83AF30F01FCC921E00053BED /* Resources */ = {
			isa = PBXResourcesBuildPhase;
			buildActionMask = 2147483647;
			files = (
				83AF30FD1FCC921E00053BED /* Assets.xcassets in Resources */,
				83AF30FB1FCC921E00053BED /* Main.storyboard in Resources */,
				83AF31161FCE49CB00053BED /* splat-green.png in Resources */,
				83AF310A1FCCD92100053BED /* LaunchScreen.storyboard in Resources */,
				83AF31121FCCE90E00053BED /* splat-pink.png in Resources */,
				83AF31081FCCCC0E00053BED /* grid.png in Resources */,
			);
			runOnlyForDeploymentPostprocessing = 0;
		};
/* End PBXResourcesBuildPhase section */

/* Begin PBXSourcesBuildPhase section */
		83AF30EE1FCC921E00053BED /* Sources */ = {
			isa = PBXSourcesBuildPhase;
			buildActionMask = 2147483647;
			files = (
				83AF30F81FCC921E00053BED /* ViewController.swift in Sources */,
				83AF30F61FCC921E00053BED /* AppDelegate.swift in Sources */,
			);
			runOnlyForDeploymentPostprocessing = 0;
		};
/* End PBXSourcesBuildPhase section */

/* Begin PBXVariantGroup section */
		83AF30F91FCC921E00053BED /* Main.storyboard */ = {
			isa = PBXVariantGroup;
			children = (
				83AF30FA1FCC921E00053BED /* Base */,
			);
			name = Main.storyboard;
			sourceTree = "<group>";
		};
/* End PBXVariantGroup section */

/* Begin XCBuildConfiguration section */
		83AF31021FCC921E00053BED /* Debug */ = {
			isa = XCBuildConfiguration;
			buildSettings = {
				ALWAYS_SEARCH_USER_PATHS = NO;
				CLANG_ANALYZER_NONNULL = YES;
				CLANG_ANALYZER_NUMBER_OBJECT_CONVERSION = YES_AGGRESSIVE;
				CLANG_CXX_LANGUAGE_STANDARD = "gnu++14";
				CLANG_CXX_LIBRARY = "libc++";
				CLANG_ENABLE_MODULES = YES;
				CLANG_ENABLE_OBJC_ARC = YES;
				CLANG_WARN_BLOCK_CAPTURE_AUTORELEASING = YES;
				CLANG_WARN_BOOL_CONVERSION = YES;
				CLANG_WARN_COMMA = YES;
				CLANG_WARN_CONSTANT_CONVERSION = YES;
				CLANG_WARN_DIRECT_OBJC_ISA_USAGE = YES_ERROR;
				CLANG_WARN_DOCUMENTATION_COMMENTS = YES;
				CLANG_WARN_EMPTY_BODY = YES;
				CLANG_WARN_ENUM_CONVERSION = YES;
				CLANG_WARN_INFINITE_RECURSION = YES;
				CLANG_WARN_INT_CONVERSION = YES;
				CLANG_WARN_NON_LITERAL_NULL_CONVERSION = YES;
				CLANG_WARN_OBJC_LITERAL_CONVERSION = YES;
				CLANG_WARN_OBJC_ROOT_CLASS = YES_ERROR;
				CLANG_WARN_RANGE_LOOP_ANALYSIS = YES;
				CLANG_WARN_STRICT_PROTOTYPES = YES;
				CLANG_WARN_SUSPICIOUS_MOVE = YES;
				CLANG_WARN_UNGUARDED_AVAILABILITY = YES_AGGRESSIVE;
				CLANG_WARN_UNREACHABLE_CODE = YES;
				CLANG_WARN__DUPLICATE_METHOD_MATCH = YES;
				CODE_SIGN_IDENTITY = "iPhone Developer";
				COPY_PHASE_STRIP = NO;
				DEBUG_INFORMATION_FORMAT = dwarf;
				ENABLE_STRICT_OBJC_MSGSEND = YES;
				ENABLE_TESTABILITY = YES;
				GCC_C_LANGUAGE_STANDARD = gnu11;
				GCC_DYNAMIC_NO_PIC = NO;
				GCC_NO_COMMON_BLOCKS = YES;
				GCC_OPTIMIZATION_LEVEL = 0;
				GCC_PREPROCESSOR_DEFINITIONS = (
					"DEBUG=1",
					"$(inherited)",
				);
				GCC_WARN_64_TO_32_BIT_CONVERSION = YES;
				GCC_WARN_ABOUT_RETURN_TYPE = YES_ERROR;
				GCC_WARN_UNDECLARED_SELECTOR = YES;
				GCC_WARN_UNINITIALIZED_AUTOS = YES_AGGRESSIVE;
				GCC_WARN_UNUSED_FUNCTION = YES;
				GCC_WARN_UNUSED_VARIABLE = YES;
				IPHONEOS_DEPLOYMENT_TARGET = 11.1;
				MTL_ENABLE_DEBUG_INFO = YES;
				ONLY_ACTIVE_ARCH = YES;
				SDKROOT = iphoneos;
				SWIFT_ACTIVE_COMPILATION_CONDITIONS = DEBUG;
				SWIFT_OPTIMIZATION_LEVEL = "-Onone";
			};
			name = Debug;
		};
		83AF31031FCC921E00053BED /* Release */ = {
			isa = XCBuildConfiguration;
			buildSettings = {
				ALWAYS_SEARCH_USER_PATHS = NO;
				CLANG_ANALYZER_NONNULL = YES;
				CLANG_ANALYZER_NUMBER_OBJECT_CONVERSION = YES_AGGRESSIVE;
				CLANG_CXX_LANGUAGE_STANDARD = "gnu++14";
				CLANG_CXX_LIBRARY = "libc++";
				CLANG_ENABLE_MODULES = YES;
				CLANG_ENABLE_OBJC_ARC = YES;
				CLANG_WARN_BLOCK_CAPTURE_AUTORELEASING = YES;
				CLANG_WARN_BOOL_CONVERSION = YES;
				CLANG_WARN_COMMA = YES;
				CLANG_WARN_CONSTANT_CONVERSION = YES;
				CLANG_WARN_DIRECT_OBJC_ISA_USAGE = YES_ERROR;
				CLANG_WARN_DOCUMENTATION_COMMENTS = YES;
				CLANG_WARN_EMPTY_BODY = YES;
				CLANG_WARN_ENUM_CONVERSION = YES;
				CLANG_WARN_INFINITE_RECURSION = YES;
				CLANG_WARN_INT_CONVERSION = YES;
				CLANG_WARN_NON_LITERAL_NULL_CONVERSION = YES;
				CLANG_WARN_OBJC_LITERAL_CONVERSION = YES;
				CLANG_WARN_OBJC_ROOT_CLASS = YES_ERROR;
				CLANG_WARN_RANGE_LOOP_ANALYSIS = YES;
				CLANG_WARN_STRICT_PROTOTYPES = YES;
				CLANG_WARN_SUSPICIOUS_MOVE = YES;
				CLANG_WARN_UNGUARDED_AVAILABILITY = YES_AGGRESSIVE;
				CLANG_WARN_UNREACHABLE_CODE = YES;
				CLANG_WARN__DUPLICATE_METHOD_MATCH = YES;
				CODE_SIGN_IDENTITY = "iPhone Developer";
				COPY_PHASE_STRIP = NO;
				DEBUG_INFORMATION_FORMAT = "dwarf-with-dsym";
				ENABLE_NS_ASSERTIONS = NO;
				ENABLE_STRICT_OBJC_MSGSEND = YES;
				GCC_C_LANGUAGE_STANDARD = gnu11;
				GCC_NO_COMMON_BLOCKS = YES;
				GCC_WARN_64_TO_32_BIT_CONVERSION = YES;
				GCC_WARN_ABOUT_RETURN_TYPE = YES_ERROR;
				GCC_WARN_UNDECLARED_SELECTOR = YES;
				GCC_WARN_UNINITIALIZED_AUTOS = YES_AGGRESSIVE;
				GCC_WARN_UNUSED_FUNCTION = YES;
				GCC_WARN_UNUSED_VARIABLE = YES;
				IPHONEOS_DEPLOYMENT_TARGET = 11.1;
				MTL_ENABLE_DEBUG_INFO = NO;
				SDKROOT = iphoneos;
				SWIFT_OPTIMIZATION_LEVEL = "-Owholemodule";
				VALIDATE_PRODUCT = YES;
			};
			name = Release;
		};
		83AF31051FCC921E00053BED /* Debug */ = {
			isa = XCBuildConfiguration;
			buildSettings = {
				ASSETCATALOG_COMPILER_APPICON_NAME = AppIcon;
				CODE_SIGN_STYLE = Automatic;
				DEVELOPMENT_TEAM = 5XU8G72NQS;
				INFOPLIST_FILE = SplattAR/Info.plist;
				LD_RUNPATH_SEARCH_PATHS = "$(inherited) @executable_path/Frameworks";
				PRODUCT_BUNDLE_IDENTIFIER = net.warrenmoore.SplattAR;
				PRODUCT_NAME = "$(TARGET_NAME)";
				SWIFT_VERSION = 4.0;
				TARGETED_DEVICE_FAMILY = "1,2";
			};
			name = Debug;
		};
		83AF31061FCC921E00053BED /* Release */ = {
			isa = XCBuildConfiguration;
			buildSettings = {
				ASSETCATALOG_COMPILER_APPICON_NAME = AppIcon;
				CODE_SIGN_STYLE = Automatic;
				DEVELOPMENT_TEAM = 5XU8G72NQS;
				INFOPLIST_FILE = SplattAR/Info.plist;
				LD_RUNPATH_SEARCH_PATHS = "$(inherited) @executable_path/Frameworks";
				PRODUCT_BUNDLE_IDENTIFIER = net.warrenmoore.SplattAR;
				PRODUCT_NAME = "$(TARGET_NAME)";
				SWIFT_VERSION = 4.0;
				TARGETED_DEVICE_FAMILY = "1,2";
			};
			name = Release;
		};
/* End XCBuildConfiguration section */

/* Begin XCConfigurationList section */
		83AF30ED1FCC921E00053BED /* Build configuration list for PBXProject "SplattAR" */ = {
			isa = XCConfigurationList;
			buildConfigurations = (
				83AF31021FCC921E00053BED /* Debug */,
				83AF31031FCC921E00053BED /* Release */,
			);
			defaultConfigurationIsVisible = 0;
			defaultConfigurationName = Release;
		};
		83AF31041FCC921E00053BED /* Build configuration list for PBXNativeTarget "SplattAR" */ = {
			isa = XCConfigurationList;
			buildConfigurations = (
				83AF31051FCC921E00053BED /* Debug */,
				83AF31061FCC921E00053BED /* Release */,
			);
			defaultConfigurationIsVisible = 0;
			defaultConfigurationName = Release;
		};
/* End XCConfigurationList section */
	};
	rootObject = 83AF30EA1FCC921E00053BED /* Project object */;
}
